
Microsoft Visual Studio Solution File, Format Version 12.00
# Visual Studio 14
VisualStudioVersion = 14.0.25420.1
MinimumVisualStudioVersion = 10.0.40219.1
Project("{8BC9CEB8-8B4A-11D0-8D11-00A0C91BC942}") = "xlrest", "src\main.vcxproj", "{75EBBA72-9231-4799-BCB3-EE929FD60B63}"
EndProject
Project("{8BC9CEB8-8B4A-11D0-8D11-00A0C91BC942}") = "xlrest_test", "test\test.vcxproj", "{F2A5CF10-C3C4-4621-A364-E7671BDBF0D9}"
	ProjectSection(ProjectDependencies) = postProject
		{75EBBA72-9231-4799-BCB3-EE929FD60B63} = {75EBBA72-9231-4799-BCB3-EE929FD60B63}
	EndProjectSection
EndProject
Global
	GlobalSection(SolutionConfigurationPlatforms) = preSolution
		Debug|x64 = Debug|x64
		Debug|x86 = Debug|x86
		Release|x64 = Release|x64
		Release|x86 = Release|x86
	EndGlobalSection
	GlobalSection(ProjectConfigurationPlatforms) = postSolution
		{75EBBA72-9231-4799-BCB3-EE929FD60B63}.Debug|x64.ActiveCfg = Debug|x64
		{75EBBA72-9231-4799-BCB3-EE929FD60B63}.Debug|x64.Build.0 = Debug|x64
		{75EBBA72-9231-4799-BCB3-EE929FD60B63}.Debug|x86.ActiveCfg = Debug|Win32
		{75EBBA72-9231-4799-BCB3-EE929FD60B63}.Debug|x86.Build.0 = Debug|Win32
		{75EBBA72-9231-4799-BCB3-EE929FD60B63}.Release|x64.ActiveCfg = Release|x64
		{75EBBA72-9231-4799-BCB3-EE929FD60B63}.Release|x64.Build.0 = Release|x64
		{75EBBA72-9231-4799-BCB3-EE929FD60B63}.Release|x86.ActiveCfg = Release|Win32
		{75EBBA72-9231-4799-BCB3-EE929FD60B63}.Release|x86.Build.0 = Release|Win32
		{F2A5CF10-C3C4-4621-A364-E7671BDBF0D9}.Debug|x64.ActiveCfg = Debug|x64
		{F2A5CF10-C3C4-4621-A364-E7671BDBF0D9}.Debug|x64.Build.0 = Debug|x64
		{F2A5CF10-C3C4-4621-A364-E7671BDBF0D9}.Debug|x86.ActiveCfg = Debug|Win32
		{F2A5CF10-C3C4-4621-A364-E7671BDBF0D9}.Debug|x86.Build.0 = Debug|Win32
		{F2A5CF10-C3C4-4621-A364-E7671BDBF0D9}.Release|x64.ActiveCfg = Release|x64
		{F2A5CF10-C3C4-4621-A364-E7671BDBF0D9}.Release|x86.ActiveCfg = Release|Win32
	EndGlobalSection
	GlobalSection(SolutionProperties) = preSolution
		HideSolutionNode = FALSE
	EndGlobalSection
EndGlobal
